// !$*UTF8*$!
{
	archiveVersion = 1;
	classes = {
	};
	objectVersion = 50;
	objects = {

/* Begin PBXBuildFile section */
		F6802EE320E90EF700BEC00C /* AppDelegate.swift in Sources */ = {isa = PBXBuildFile; fileRef = F6802EE220E90EF700BEC00C /* AppDelegate.swift */; };
		F6802EE520E90EF700BEC00C /* art.scnassets in Resources */ = {isa = PBXBuildFile; fileRef = F6802EE420E90EF700BEC00C /* art.scnassets */; };
		F6802EE720E90EF700BEC00C /* ViewController.swift in Sources */ = {isa = PBXBuildFile; fileRef = F6802EE620E90EF700BEC00C /* ViewController.swift */; };
		F6802EEA20E90EF700BEC00C /* Main.storyboard in Resources */ = {isa = PBXBuildFile; fileRef = F6802EE820E90EF700BEC00C /* Main.storyboard */; };
		F6802EEC20E90EF900BEC00C /* Assets.xcassets in Resources */ = {isa = PBXBuildFile; fileRef = F6802EEB20E90EF900BEC00C /* Assets.xcassets */; };
		F6802EEF20E90EF900BEC00C /* LaunchScreen.storyboard in Resources */ = {isa = PBXBuildFile; fileRef = F6802EED20E90EF900BEC00C /* LaunchScreen.storyboard */; };
		F6802EFA20E911CD00BEC00C /* Neil Woo03.jpg in Resources */ = {isa = PBXBuildFile; fileRef = F6802EF720E911CD00BEC00C /* Neil Woo03.jpg */; };
		F6802EFB20E911CD00BEC00C /* NeilFabricPlain008.jpg in Resources */ = {isa = PBXBuildFile; fileRef = F6802EF820E911CD00BEC00C /* NeilFabricPlain008.jpg */; };
		F6802EFC20E911CD00BEC00C /* chair.dae in Resources */ = {isa = PBXBuildFile; fileRef = F6802EF920E911CD00BEC00C /* chair.dae */; };
		F6802F0020E915E700BEC00C /* MBProgressHUD.m in Sources */ = {isa = PBXBuildFile; fileRef = F6802EFE20E915E700BEC00C /* MBProgressHUD.m */; };
/* End PBXBuildFile section */

/* Begin PBXFileReference section */
		F6802EDF20E90EF700BEC00C /* FurnitureAR.app */ = {isa = PBXFileReference; explicitFileType = wrapper.application; includeInIndex = 0; path = FurnitureAR.app; sourceTree = BUILT_PRODUCTS_DIR; };
		F6802EE220E90EF700BEC00C /* AppDelegate.swift */ = {isa = PBXFileReference; lastKnownFileType = sourcecode.swift; path = AppDelegate.swift; sourceTree = "<group>"; };
		F6802EE420E90EF700BEC00C /* art.scnassets */ = {isa = PBXFileReference; lastKnownFileType = wrapper.scnassets; path = art.scnassets; sourceTree = "<group>"; };
		F6802EE620E90EF700BEC00C /* ViewController.swift */ = {isa = PBXFileReference; lastKnownFileType = sourcecode.swift; path = ViewController.swift; sourceTree = "<group>"; };
		F6802EE920E90EF700BEC00C /* Base */ = {isa = PBXFileReference; lastKnownFileType = file.storyboard; name = Base; path = Base.lproj/Main.storyboard; sourceTree = "<group>"; };
		F6802EEB20E90EF900BEC00C /* Assets.xcassets */ = {isa = PBXFileReference; lastKnownFileType = folder.assetcatalog; path = Assets.xcassets; sourceTree = "<group>"; };
		F6802EEE20E90EF900BEC00C /* Base */ = {isa = PBXFileReference; lastKnownFileType = file.storyboard; name = Base; path = Base.lproj/LaunchScreen.storyboard; sourceTree = "<group>"; };
		F6802EF020E90EF900BEC00C /* Info.plist */ = {isa = PBXFileReference; lastKnownFileType = text.plist.xml; path = Info.plist; sourceTree = "<group>"; };
		F6802EF720E911CD00BEC00C /* Neil Woo03.jpg */ = {isa = PBXFileReference; lastKnownFileType = image.jpeg; path = "Neil Woo03.jpg"; sourceTree = "<group>"; };
		F6802EF820E911CD00BEC00C /* NeilFabricPlain008.jpg */ = {isa = PBXFileReference; lastKnownFileType = image.jpeg; path = NeilFabricPlain008.jpg; sourceTree = "<group>"; };
		F6802EF920E911CD00BEC00C /* chair.dae */ = {isa = PBXFileReference; fileEncoding = 4; lastKnownFileType = text.xml.dae; path = chair.dae; sourceTree = "<group>"; };
		F6802EFD20E915E600BEC00C /* FurnitureAR-Bridging-Header.h */ = {isa = PBXFileReference; lastKnownFileType = sourcecode.c.h; path = "FurnitureAR-Bridging-Header.h"; sourceTree = "<group>"; };
		F6802EFE20E915E700BEC00C /* MBProgressHUD.m */ = {isa = PBXFileReference; fileEncoding = 4; lastKnownFileType = sourcecode.c.objc; path = MBProgressHUD.m; sourceTree = "<group>"; };
		F6802EFF20E915E700BEC00C /* MBProgressHUD.h */ = {isa = PBXFileReference; fileEncoding = 4; lastKnownFileType = sourcecode.c.h; path = MBProgressHUD.h; sourceTree = "<group>"; };
/* End PBXFileReference section */

/* Begin PBXFrameworksBuildPhase section */
		F6802EDC20E90EF700BEC00C /* Frameworks */ = {
			isa = PBXFrameworksBuildPhase;
			buildActionMask = 2147483647;
			files = (
			);
			runOnlyForDeploymentPostprocessing = 0;
		};
/* End PBXFrameworksBuildPhase section */

/* Begin PBXGroup section */
		F6802ED620E90EF700BEC00C = {
			isa = PBXGroup;
			children = (
				F6802EE120E90EF700BEC00C /* FurnitureAR */,
				F6802EE020E90EF700BEC00C /* Products */,
			);
			sourceTree = "<group>";
		};
		F6802EE020E90EF700BEC00C /* Products */ = {
			isa = PBXGroup;
			children = (
				F6802EDF20E90EF700BEC00C /* FurnitureAR.app */,
			);
			name = Products;
			sourceTree = "<group>";
		};
		F6802EE120E90EF700BEC00C /* FurnitureAR */ = {
			isa = PBXGroup;
			children = (
				F6802EE220E90EF700BEC00C /* AppDelegate.swift */,
				F6802EE620E90EF700BEC00C /* ViewController.swift */,
				F6802EE820E90EF700BEC00C /* Main.storyboard */,
				F6802EF620E911AB00BEC00C /* Art */,
				F6802EE420E90EF700BEC00C /* art.scnassets */,
				F6802EEB20E90EF900BEC00C /* Assets.xcassets */,
				F6802EED20E90EF900BEC00C /* LaunchScreen.storyboard */,
				F6802EF020E90EF900BEC00C /* Info.plist */,
				F6802EFF20E915E700BEC00C /* MBProgressHUD.h */,
				F6802EFE20E915E700BEC00C /* MBProgressHUD.m */,
				F6802EFD20E915E600BEC00C /* FurnitureAR-Bridging-Header.h */,
			);
			path = FurnitureAR;
			sourceTree = "<group>";
		};
		F6802EF620E911AB00BEC00C /* Art */ = {
			isa = PBXGroup;
			children = (
				F6802EF920E911CD00BEC00C /* chair.dae */,
				F6802EF720E911CD00BEC00C /* Neil Woo03.jpg */,
				F6802EF820E911CD00BEC00C /* NeilFabricPlain008.jpg */,
			);
			path = Art;
			sourceTree = "<group>";
		};
/* End PBXGroup section */

/* Begin PBXNativeTarget section */
		F6802EDE20E90EF700BEC00C /* FurnitureAR */ = {
			isa = PBXNativeTarget;
			buildConfigurationList = F6802EF320E90EF900BEC00C /* Build configuration list for PBXNativeTarget "FurnitureAR" */;
			buildPhases = (
				F6802EDB20E90EF700BEC00C /* Sources */,
				F6802EDC20E90EF700BEC00C /* Frameworks */,
				F6802EDD20E90EF700BEC00C /* Resources */,
			);
			buildRules = (
			);
			dependencies = (
			);
			name = FurnitureAR;
			productName = FurnitureAR;
			productReference = F6802EDF20E90EF700BEC00C /* FurnitureAR.app */;
			productType = "com.apple.product-type.application";
		};
/* End PBXNativeTarget section */

/* Begin PBXProject section */
		F6802ED720E90EF700BEC00C /* Project object */ = {
			isa = PBXProject;
			attributes = {
				LastSwiftUpdateCheck = 0940;
				LastUpgradeCheck = 0940;
				ORGANIZATIONNAME = "Lane Faison";
				TargetAttributes = {
					F6802EDE20E90EF700BEC00C = {
						CreatedOnToolsVersion = 9.4.1;
						LastSwiftMigration = 0940;
					};
				};
			};
			buildConfigurationList = F6802EDA20E90EF700BEC00C /* Build configuration list for PBXProject "FurnitureAR" */;
			compatibilityVersion = "Xcode 9.3";
			developmentRegion = en;
			hasScannedForEncodings = 0;
			knownRegions = (
				en,
				Base,
			);
			mainGroup = F6802ED620E90EF700BEC00C;
			productRefGroup = F6802EE020E90EF700BEC00C /* Products */;
			projectDirPath = "";
			projectRoot = "";
			targets = (
				F6802EDE20E90EF700BEC00C /* FurnitureAR */,
			);
		};
/* End PBXProject section */

/* Begin PBXResourcesBuildPhase section */
		F6802EDD20E90EF700BEC00C /* Resources */ = {
			isa = PBXResourcesBuildPhase;
			buildActionMask = 2147483647;
			files = (
				F6802EFB20E911CD00BEC00C /* NeilFabricPlain008.jpg in Resources */,
				F6802EE520E90EF700BEC00C /* art.scnassets in Resources */,
				F6802EFC20E911CD00BEC00C /* chair.dae in Resources */,
				F6802EEF20E90EF900BEC00C /* LaunchScreen.storyboard in Resources */,
				F6802EFA20E911CD00BEC00C /* Neil Woo03.jpg in Resources */,
				F6802EEC20E90EF900BEC00C /* Assets.xcassets in Resources */,
				F6802EEA20E90EF700BEC00C /* Main.storyboard in Resources */,
			);
			runOnlyForDeploymentPostprocessing = 0;
		};
/* End PBXResourcesBuildPhase section */

/* Begin PBXSourcesBuildPhase section */
		F6802EDB20E90EF700BEC00C /* Sources */ = {
			isa = PBXSourcesBuildPhase;
			buildActionMask = 2147483647;
			files = (
				F6802EE720E90EF700BEC00C /* ViewController.swift in Sources */,
				F6802F0020E915E700BEC00C /* MBProgressHUD.m in Sources */,
				F6802EE320E90EF700BEC00C /* AppDelegate.swift in Sources */,
			);
			runOnlyForDeploymentPostprocessing = 0;
		};
/* End PBXSourcesBuildPhase section */

/* Begin PBXVariantGroup section */
		F6802EE820E90EF700BEC00C /* Main.storyboard */ = {
			isa = PBXVariantGroup;
			children = (
				F6802EE920E90EF700BEC00C /* Base */,
			);
			name = Main.storyboard;
			sourceTree = "<group>";
		};
		F6802EED20E90EF900BEC00C /* LaunchScreen.storyboard */ = {
			isa = PBXVariantGroup;
			children = (
				F6802EEE20E90EF900BEC00C /* Base */,
			);
			name = LaunchScreen.storyboard;
			sourceTree = "<group>";
		};
/* End PBXVariantGroup section */

/* Begin XCBuildConfiguration section */
		F6802EF120E90EF900BEC00C /* Debug */ = {
			isa = XCBuildConfiguration;
			buildSettings = {
				ALWAYS_SEARCH_USER_PATHS = NO;
				CLANG_ANALYZER_NONNULL = YES;
				CLANG_ANALYZER_NUMBER_OBJECT_CONVERSION = YES_AGGRESSIVE;
				CLANG_CXX_LANGUAGE_STANDARD = "gnu++14";
				CLANG_CXX_LIBRARY = "libc++";
				CLANG_ENABLE_MODULES = YES;
				CLANG_ENABLE_OBJC_ARC = YES;
				CLANG_ENABLE_OBJC_WEAK = YES;
				CLANG_WARN_BLOCK_CAPTURE_AUTORELEASING = YES;
				CLANG_WARN_BOOL_CONVERSION = YES;
				CLANG_WARN_COMMA = YES;
				CLANG_WARN_CONSTANT_CONVERSION = YES;
				CLANG_WARN_DEPRECATED_OBJC_IMPLEMENTATIONS = YES;
				CLANG_WARN_DIRECT_OBJC_ISA_USAGE = YES_ERROR;
				CLANG_WARN_DOCUMENTATION_COMMENTS = YES;
				CLANG_WARN_EMPTY_BODY = YES;
				CLANG_WARN_ENUM_CONVERSION = YES;
				CLANG_WARN_INFINITE_RECURSION = YES;
				CLANG_WARN_INT_CONVERSION = YES;
				CLANG_WARN_NON_LITERAL_NULL_CONVERSION = YES;
				CLANG_WARN_OBJC_IMPLICIT_RETAIN_SELF = YES;
				CLANG_WARN_OBJC_LITERAL_CONVERSION = YES;
				CLANG_WARN_OBJC_ROOT_CLASS = YES_ERROR;
				CLANG_WARN_RANGE_LOOP_ANALYSIS = YES;
				CLANG_WARN_STRICT_PROTOTYPES = YES;
				CLANG_WARN_SUSPICIOUS_MOVE = YES;
				CLANG_WARN_UNGUARDED_AVAILABILITY = YES_AGGRESSIVE;
				CLANG_WARN_UNREACHABLE_CODE = YES;
				CLANG_WARN__DUPLICATE_METHOD_MATCH = YES;
				CODE_SIGN_IDENTITY = "iPhone Developer";
				COPY_PHASE_STRIP = NO;
				DEBUG_INFORMATION_FORMAT = dwarf;
				ENABLE_STRICT_OBJC_MSGSEND = YES;
				ENABLE_TESTABILITY = YES;
				GCC_C_LANGUAGE_STANDARD = gnu11;
				GCC_DYNAMIC_NO_PIC = NO;
				GCC_NO_COMMON_BLOCKS = YES;
				GCC_OPTIMIZATION_LEVEL = 0;
				GCC_PREPROCESSOR_DEFINITIONS = (
					"DEBUG=1",
					"$(inherited)",
				);
				GCC_WARN_64_TO_32_BIT_CONVERSION = YES;
				GCC_WARN_ABOUT_RETURN_TYPE = YES_ERROR;
				GCC_WARN_UNDECLARED_SELECTOR = YES;
				GCC_WARN_UNINITIALIZED_AUTOS = YES_AGGRESSIVE;
				GCC_WARN_UNUSED_FUNCTION = YES;
				GCC_WARN_UNUSED_VARIABLE = YES;
				IPHONEOS_DEPLOYMENT_TARGET = 11.4;
				MTL_ENABLE_DEBUG_INFO = YES;
				ONLY_ACTIVE_ARCH = YES;
				SDKROOT = iphoneos;
				SWIFT_ACTIVE_COMPILATION_CONDITIONS = DEBUG;
				SWIFT_OPTIMIZATION_LEVEL = "-Onone";
			};
			name = Debug;
		};
		F6802EF220E90EF900BEC00C /* Release */ = {
			isa = XCBuildConfiguration;
			buildSettings = {
				ALWAYS_SEARCH_USER_PATHS = NO;
				CLANG_ANALYZER_NONNULL = YES;
				CLANG_ANALYZER_NUMBER_OBJECT_CONVERSION = YES_AGGRESSIVE;
				CLANG_CXX_LANGUAGE_STANDARD = "gnu++14";
				CLANG_CXX_LIBRARY = "libc++";
				CLANG_ENABLE_MODULES = YES;
				CLANG_ENABLE_OBJC_ARC = YES;
				CLANG_ENABLE_OBJC_WEAK = YES;
				CLANG_WARN_BLOCK_CAPTURE_AUTORELEASING = YES;
				CLANG_WARN_BOOL_CONVERSION = YES;
				CLANG_WARN_COMMA = YES;
				CLANG_WARN_CONSTANT_CONVERSION = YES;
				CLANG_WARN_DEPRECATED_OBJC_IMPLEMENTATIONS = YES;
				CLANG_WARN_DIRECT_OBJC_ISA_USAGE = YES_ERROR;
				CLANG_WARN_DOCUMENTATION_COMMENTS = YES;
				CLANG_WARN_EMPTY_BODY = YES;
				CLANG_WARN_ENUM_CONVERSION = YES;
				CLANG_WARN_INFINITE_RECURSION = YES;
				CLANG_WARN_INT_CONVERSION = YES;
				CLANG_WARN_NON_LITERAL_NULL_CONVERSION = YES;
				CLANG_WARN_OBJC_IMPLICIT_RETAIN_SELF = YES;
				CLANG_WARN_OBJC_LITERAL_CONVERSION = YES;
				CLANG_WARN_OBJC_ROOT_CLASS = YES_ERROR;
				CLANG_WARN_RANGE_LOOP_ANALYSIS = YES;
				CLANG_WARN_STRICT_PROTOTYPES = YES;
				CLANG_WARN_SUSPICIOUS_MOVE = YES;
				CLANG_WARN_UNGUARDED_AVAILABILITY = YES_AGGRESSIVE;
				CLANG_WARN_UNREACHABLE_CODE = YES;
				CLANG_WARN__DUPLICATE_METHOD_MATCH = YES;
				CODE_SIGN_IDENTITY = "iPhone Developer";
				COPY_PHASE_STRIP = NO;
				DEBUG_INFORMATION_FORMAT = "dwarf-with-dsym";
				ENABLE_NS_ASSERTIONS = NO;
				ENABLE_STRICT_OBJC_MSGSEND = YES;
				GCC_C_LANGUAGE_STANDARD = gnu11;
				GCC_NO_COMMON_BLOCKS = YES;
				GCC_WARN_64_TO_32_BIT_CONVERSION = YES;
				GCC_WARN_ABOUT_RETURN_TYPE = YES_ERROR;
				GCC_WARN_UNDECLARED_SELECTOR = YES;
				GCC_WARN_UNINITIALIZED_AUTOS = YES_AGGRESSIVE;
				GCC_WARN_UNUSED_FUNCTION = YES;
				GCC_WARN_UNUSED_VARIABLE = YES;
				IPHONEOS_DEPLOYMENT_TARGET = 11.4;
				MTL_ENABLE_DEBUG_INFO = NO;
				SDKROOT = iphoneos;
				SWIFT_COMPILATION_MODE = wholemodule;
				SWIFT_OPTIMIZATION_LEVEL = "-O";
				VALIDATE_PRODUCT = YES;
			};
			name = Release;
		};
		F6802EF420E90EF900BEC00C /* Debug */ = {
			isa = XCBuildConfiguration;
			buildSettings = {
				ASSETCATALOG_COMPILER_APPICON_NAME = AppIcon;
				CLANG_ENABLE_MODULES = YES;
				CODE_SIGN_STYLE = Automatic;
				DEVELOPMENT_TEAM = 34KC4VR7Y2;
				INFOPLIST_FILE = FurnitureAR/Info.plist;
				LD_RUNPATH_SEARCH_PATHS = (
					"$(inherited)",
					"@executable_path/Frameworks",
				);
				PRODUCT_BUNDLE_IDENTIFIER = com.lanefaison.FurnitureAR;
				PRODUCT_NAME = "$(TARGET_NAME)";
				SWIFT_OBJC_BRIDGING_HEADER = "FurnitureAR/FurnitureAR-Bridging-Header.h";
				SWIFT_OPTIMIZATION_LEVEL = "-Onone";
				SWIFT_VERSION = 4.0;
				TARGETED_DEVICE_FAMILY = "1,2";
			};
			name = Debug;
		};
		F6802EF520E90EF900BEC00C /* Release */ = {
			isa = XCBuildConfiguration;
			buildSettings = {
				ASSETCATALOG_COMPILER_APPICON_NAME = AppIcon;
				CLANG_ENABLE_MODULES = YES;
				CODE_SIGN_STYLE = Automatic;
				DEVELOPMENT_TEAM = 34KC4VR7Y2;
				INFOPLIST_FILE = FurnitureAR/Info.plist;
				LD_RUNPATH_SEARCH_PATHS = (
					"$(inherited)",
					"@executable_path/Frameworks",
				);
				PRODUCT_BUNDLE_IDENTIFIER = com.lanefaison.FurnitureAR;
				PRODUCT_NAME = "$(TARGET_NAME)";
				SWIFT_OBJC_BRIDGING_HEADER = "FurnitureAR/FurnitureAR-Bridging-Header.h";
				SWIFT_VERSION = 4.0;
				TARGETED_DEVICE_FAMILY = "1,2";
			};
			name = Release;
		};
/* End XCBuildConfiguration section */

/* Begin XCConfigurationList section */
		F6802EDA20E90EF700BEC00C /* Build configuration list for PBXProject "FurnitureAR" */ = {
			isa = XCConfigurationList;
			buildConfigurations = (
				F6802EF120E90EF900BEC00C /* Debug */,
				F6802EF220E90EF900BEC00C /* Release */,
			);
			defaultConfigurationIsVisible = 0;
			defaultConfigurationName = Release;
		};
		F6802EF320E90EF900BEC00C /* Build configuration list for PBXNativeTarget "FurnitureAR" */ = {
			isa = XCConfigurationList;
			buildConfigurations = (
				F6802EF420E90EF900BEC00C /* Debug */,
				F6802EF520E90EF900BEC00C /* Release */,
			);
			defaultConfigurationIsVisible = 0;
			defaultConfigurationName = Release;
		};
/* End XCConfigurationList section */
	};
	rootObject = F6802ED720E90EF700BEC00C /* Project object */;
}
